
Microsoft Visual Studio Solution File, Format Version 12.00
# Visual Studio 15
VisualStudioVersion = 15.0.28307.852
MinimumVisualStudioVersion = 10.0.40219.1
Project("{8BC9CEB8-8B4A-11D0-8D11-00A0C91BC942}") = "1978", "1978\1978.vcxproj", "{D8EDC1A2-0AB9-4001-9A31-1C5715502375}"
EndProject
Global
	GlobalSection(SolutionConfigurationPlatforms) = preSolution
		Debug|x64 = Debug|x64
		Debug|x86 = Debug|x86
		Release|x64 = Release|x64
		Release|x86 = Release|x86
	EndGlobalSection
	GlobalSection(ProjectConfigurationPlatforms) = postSolution
		{D8EDC1A2-0AB9-4001-9A31-1C5715502375}.Debug|x64.ActiveCfg = Debug|x64
		{D8EDC1A2-0AB9-4001-9A31-1C5715502375}.Debug|x64.Build.0 = Debug|x64
		{D8EDC1A2-0AB9-4001-9A31-1C5715502375}.Debug|x86.ActiveCfg = Debug|Win32
		{D8EDC1A2-0AB9-4001-9A31-1C5715502375}.Debug|x86.Build.0 = Debug|Win32
		{D8EDC1A2-0AB9-4001-9A31-1C5715502375}.Release|x64.ActiveCfg = Release|x64
		{D8EDC1A2-0AB9-4001-9A31-1C5715502375}.Release|x64.Build.0 = Release|x64
		{D8EDC1A2-0AB9-4001-9A31-1C5715502375}.Release|x86.ActiveCfg = Release|Win32
		{D8EDC1A2-0AB9-4001-9A31-1C5715502375}.Release|x86.Build.0 = Release|Win32
	EndGlobalSection
	GlobalSection(SolutionProperties) = preSolution
		HideSolutionNode = FALSE
	EndGlobalSection
	GlobalSection(ExtensibilityGlobals) = postSolution
		SolutionGuid = {A343FAA9-BA90-4583-8254-1F0FCF244655}
	EndGlobalSection
EndGlobal
