
Microsoft Visual Studio Solution File, Format Version 12.00
# Visual Studio 15
VisualStudioVersion = 15.0.28307.852
MinimumVisualStudioVersion = 10.0.40219.1
Project("{8BC9CEB8-8B4A-11D0-8D11-00A0C91BC942}") = "12.14", "12.14\12.14.vcxproj", "{63F56C95-4E3B-4CCB-B3F8-52B60D5158D4}"
EndProject
Global
	GlobalSection(SolutionConfigurationPlatforms) = preSolution
		Debug|x64 = Debug|x64
		Debug|x86 = Debug|x86
		Release|x64 = Release|x64
		Release|x86 = Release|x86
	EndGlobalSection
	GlobalSection(ProjectConfigurationPlatforms) = postSolution
		{63F56C95-4E3B-4CCB-B3F8-52B60D5158D4}.Debug|x64.ActiveCfg = Debug|x64
		{63F56C95-4E3B-4CCB-B3F8-52B60D5158D4}.Debug|x64.Build.0 = Debug|x64
		{63F56C95-4E3B-4CCB-B3F8-52B60D5158D4}.Debug|x86.ActiveCfg = Debug|Win32
		{63F56C95-4E3B-4CCB-B3F8-52B60D5158D4}.Debug|x86.Build.0 = Debug|Win32
		{63F56C95-4E3B-4CCB-B3F8-52B60D5158D4}.Release|x64.ActiveCfg = Release|x64
		{63F56C95-4E3B-4CCB-B3F8-52B60D5158D4}.Release|x64.Build.0 = Release|x64
		{63F56C95-4E3B-4CCB-B3F8-52B60D5158D4}.Release|x86.ActiveCfg = Release|Win32
		{63F56C95-4E3B-4CCB-B3F8-52B60D5158D4}.Release|x86.Build.0 = Release|Win32
	EndGlobalSection
	GlobalSection(SolutionProperties) = preSolution
		HideSolutionNode = FALSE
	EndGlobalSection
	GlobalSection(ExtensibilityGlobals) = postSolution
		SolutionGuid = {1DC7EF7D-681A-4AC0-B981-E9F529E6B28D}
	EndGlobalSection
EndGlobal
